lockfileVersion: '9.0'

settings:
  autoInstallPeers: true
  excludeLinksFromLockfile: false

importers:

  .: {}

  bench: {}

  bench/bench/output-js-es: {}

  bench/output: {}

  bench/output-js-es: {}

  binaryen:
    dependencies:
      binaryen:
        specifier: ^123.0.0
        version: 123.0.0

  compiler:
    dependencies:
      cbor:
        specifier: ^10.0.12
        version: 10.0.12

  compiler/test/e2e-fixtures-out: {}

  purs-wasm: {}

  ulib-tooling: {}

packages:

  binaryen@123.0.0:
    resolution: {integrity: sha512-/hls/a309aZCc0itqP6uhoR+5DsKSlJVfB8Opd2BY9Ndghs84IScTunlyidyF4r2Xe3lQttnfBNIDjaNpj6mTw==}
    hasBin: true

  cbor@10.0.12:
    resolution: {integrity: sha512-exQDevYd7ZQLP4moMQcZkKCVZsXLAtUSflObr3xTh4xzFIv/xBCdvCd6L259kQOUP2kcTC0jvC6PpZIf/WmRXA==}
    engines: {node: '>=20'}

  nofilter@3.1.0:
    resolution: {integrity: sha512-l2NNj07e9afPnhAhvgVrCD/oy2Ai1yfLpuo3EpiO1jFTsB4sFz6oIfAfSZyQzVpkZQ9xS8ZS5g1jCBgq4Hwo0g==}
    engines: {node: '>=12.19'}

snapshots:

  binaryen@123.0.0: {}

  cbor@10.0.12:
    dependencies:
      nofilter: 3.1.0

  nofilter@3.1.0: {}
