lockfileVersion: '9.0'

settings:
  autoInstallPeers: true
  excludeLinksFromLockfile: false

importers:

  .:
    dependencies:
      binaryen:
        specifier: ^123.0.0
        version: 123.0.0

  binaryen:
    dependencies:
      binaryen:
        specifier: ^123.0.0
        version: 123.0.0

  compiler: {}

packages:

  binaryen@123.0.0:
    resolution: {integrity: sha512-/hls/a309aZCc0itqP6uhoR+5DsKSlJVfB8Opd2BY9Ndghs84IScTunlyidyF4r2Xe3lQttnfBNIDjaNpj6mTw==}
    hasBin: true

snapshots:

  binaryen@123.0.0: {}
